github.com/Azure/go-ntlmssp v0.0.0-20200615164410-66371956d46c h1:/IBSNwUN8+eKzUzbJPqhK839ygXJ82sde8x3ogr6R28=
github.com/Azure/go-ntlmssp v0.0.0-20200615164410-66371956d46c/go.mod h1:chxPXzSsl7ZWRAuOIE23GDNzjWuZquvFlgA8xmpunjU=
github.com/Azure/go-ntlmssp v0.0.0-20211209120228-48547f28849e h1:ZU22z/2YRFLyf/P4ZwUYSdNCWsMEI0VeyrFoI2rAhJQ=
github.com/Azure/go-ntlmssp v0.0.0-20211209120228-48547f28849e/go.mod h1:chxPXzSsl7ZWRAuOIE23GDNzjWuZquvFlgA8xmpunjU=
github.com/davecgh/go-spew v1.1.0/go.mod h1:J7Y8YcW2NihsgmVo/mv3lAwl/skON4iLHjSsI+c5H38=
github.com/davecgh/go-spew v1.1.1 h1:vj9j/u1bqnvCEfJOwUhtlOARqs3+rkHYY13jYWTU97c=
github.com/davecgh/go-spew v1.1.1/go.mod h1:J7Y8YcW2NihsgmVo/mv3lAwl/skON4iLHjSsI+c5H38=
github.com/fatih/color v1.7.0 h1:DkWD4oS2D8LGGgTQ6IvwJJXSL5Vp2ffcQg58nFV38Ys=
github.com/fatih/color v1.7.0/go.mod h1:Zm6kSWBoL9eyXnKyktHP6abPY2pDugNf5KwzbycvMj4=
github.com/go-asn1-ber/asn1-ber v1.5.1 h1:pDbRAunXzIUXfx4CB2QJFv5IuPiuoW+sWvr/Us009o8=
github.com/go-asn1-ber/asn1-ber v1.5.1/go.mod h1:hEBeB/ic+5LoWskz+yKT7vGhhPYkProFKoKdwZRWMe0=
github.com/go-asn1-ber/asn1-ber v1.5.4 h1:vXT6d/FNDiELJnLb6hGNa309LMsrCoYFvpwHDF0+Y1A=
github.com/go-asn1-ber/asn1-ber v1.5.4/go.mod h1:hEBeB/ic+5LoWskz+yKT7vGhhPYkProFKoKdwZRWMe0=
github.com/go-dedup/metaphone v0.0.0-20141025200009-5cea56e8d200 h1:j2A0lZshyx+Lh/8ABLMqYhfcCqs/cfJG0KZx8F9xY/0=
github.com/go-dedup/metaphone v0.0.0-20141025200009-5cea56e8d200/go.mod h1:jErzKjrtCJDurAFfwTirsU7R2T6t5smmuM22n6ltXmI=
github.com/go-ldap/ldap/v3 v3.4.1 h1:fU/0xli6HY02ocbMuozHAYsaHLcnkLjvho2r5a34BUU=
github.com/go-ldap/ldap/v3 v3.4.1/go.mod h1:iYS1MdmrmceOJ1QOTnRXrIs7i3kloqtmGQjRvjKpyMg=
github.com/go-ldap/ldap/v3 v3.4.3 h1:JCKUtJPIcyOuG7ctGabLKMgIlKnGumD/iGjuWeEruDI=
github.com/go-ldap/ldap/v3 v3.4.3/go.mod h1:7LdHfVt6iIOESVEe3Bs4Jp2sHEKgDeduAhgM1/f9qmo=
github.com/hashicorp/go-hclog v1.1.0 h1:QsGcniKx5/LuX2eYoeL+Np3UKYPNaN7YKpTh29h8rbw=
github.com/hashicorp/go-hclog v1.1.0/go.mod h1:whpDNt7SSdeAju8AWKIWsul05p54N/39EeqMAyrmvFQ=
github.com/hashicorp/go-hclog v1.2.0 h1:La19f8d7WIlm4ogzNHB0JGqs5AUDAZ2UfCY4sJXcJdM=
github.com/hashicorp/go-hclog v1.2.0/go.mod h1:whpDNt7SSdeAju8AWKIWsul05p54N/39EeqMAyrmvFQ=
github.com/jimlambrt/gldap v0.1.2-0.20220601131836-ca63fe26ae66 h1:LUpjJCgr+Ax8PTBwZ46GV0WfKiSz5uodONd3uU5IY0Q=
github.com/jimlambrt/gldap v0.1.2-0.20220601131836-ca63fe26ae66/go.mod h1:sKo9VprcJwZRj7OoE7p8YLaPEeNxw3WIEY42NS/iV7E=
github.com/mattn/go-colorable v0.1.4 h1:snbPLB8fVfU9iwbbo30TPtbLRzwWu6aJS6Xh4eaaviA=
github.com/mattn/go-colorable v0.1.4/go.mod h1:U0ppj6V5qS13XJ6of8GYAs25YV2eR4EVcfRqFIhoBtE=
github.com/mattn/go-isatty v0.0.8/go.mod h1:Iq45c/XA43vh69/j3iqttzPXn0bhXyGjM0Hdxcsrc5s=
github.com/mattn/go-isatty v0.0.10 h1:qxFzApOv4WsAL965uUPIsXzAKCZxN2p9UqdhFS4ZW10=
github.com/mattn/go-isatty v0.0.10/go.mod h1:qgIWMr58cqv1PHHyhnkY9lrL7etaEgOFcMEpPG5Rm84=
github.com/moznion/go-optional v0.0.0-20220318202159-667a41a088a4 h1:sqA+mVO0KoI/sKC8y+tQXqqnMQpEz78XtH3/2rO6o18=
github.com/moznion/go-optional v0.0.0-20220318202159-667a41a088a4/go.mod h1:htjWrsLDMzthRaOrteFEQ0IsKH++8l5C5uLE0IXSbnM=
github.com/moznion/go-optional v0.1.0 h1:DDF1DOiRXhZ7RN4+iSQGCT2cEQDYK3gr6bP+HNTQLp8=
github.com/moznion/go-optional v0.1.0/go.mod h1:RdJKXNj2rfaL2k11L3Xw0rkRE9YMt6CtRAWiqMHNgQc=
github.com/pmezard/go-difflib v1.0.0 h1:4DBwDE0NGyQoBHbLQYPwSUPoCMWR5BEzIk/f1lZbAQM=
github.com/pmezard/go-difflib v1.0.0/go.mod h1:iKH77koFhYxTK1pcRnkKkqfTogsbg7gZNVY4sRDYZ/4=
github.com/stretchr/objx v0.1.0/go.mod h1:HFkY916IF+rwdDfMAkV7OtwuqBVzrE8GR6GFx+wExME=
github.com/stretchr/testify v1.2.2/go.mod h1:a8OnRcib4nhh0OaRAV+Yts87kKdq0PP7pXfy6kDkUVs=
github.com/stretchr/testify v1.7.0 h1:nwc3DEeHmmLAfoZucVR881uASk0Mfjw8xYJ99tb5CcY=
github.com/stretchr/testify v1.7.0/go.mod h1:6Fq8oRcR53rry900zMqJjRRixrwX3KX962/h/Wwjteg=
github.com/stretchr/testify v1.7.1 h1:5TQK59W5E3v0r2duFAb7P95B6hEeOyEnHRa8MjYSMTY=
github.com/stretchr/testify v1.7.1/go.mod h1:6Fq8oRcR53rry900zMqJjRRixrwX3KX962/h/Wwjteg=
github.com/stretchr/testify v1.7.2 h1:4jaiDzPyXQvSd7D0EjG45355tLlV3VOECpq10pLC+8s=
github.com/stretchr/testify v1.7.2/go.mod h1:R6va5+xMeoiuVRoj+gSkQ7d3FALtqAAGI1FQKckRals=
golang.org/x/crypto v0.0.0-20190308221718-c2843e01d9a2/go.mod h1:djNgcEr1/C05ACkg1iLfiJU5Ep61QUkGW8qpdssI0+w=
golang.org/x/crypto v0.0.0-20200604202706-70a84ac30bf9 h1:vEg9joUBmeBcK9iSJftGNf3coIG4HqZElCPehJsfAYM=
golang.org/x/crypto v0.0.0-20200604202706-70a84ac30bf9/go.mod h1:LzIPMQfyMNhhGPhUkYOs5KpL4U8rLKemX1yGLhDgUto=
golang.org/x/crypto v0.0.0-20220331220935-ae2d96664a29 h1:tkVvjkPTB7pnW3jnid7kNyAMPVWllTNOf/qKDze4p9o=
golang.org/x/crypto v0.0.0-20220331220935-ae2d96664a29/go.mod h1:IxCIyHEi3zRg3s0A5j5BB6A9Jmi73HwBIUl50j+osU4=
golang.org/x/exp v0.0.0-20220518171630-0b5c67f07fdf h1:oXVg4h2qJDd9htKxb5SCpFBHLipW6hXmL3qpUixS2jw=
golang.org/x/exp v0.0.0-20220518171630-0b5c67f07fdf/go.mod h1:yh0Ynu2b5ZUe3MQfp2nM0ecK7wsgouWTDN0FNeJuIys=
golang.org/x/exp v0.0.0-20220602145555-4a0574d9293f h1:KK6mxegmt5hGJRcAnEDjSNLxIRhZxDcgwMbcO/lMCRM=
golang.org/x/exp v0.0.0-20220602145555-4a0574d9293f/go.mod h1:yh0Ynu2b5ZUe3MQfp2nM0ecK7wsgouWTDN0FNeJuIys=
golang.org/x/net v0.0.0-20190404232315-eb5bcb51f2a3/go.mod h1:t9HGtf8HONx5eT2rtn7q6eTqICYqUVnKs3thJo3Qplg=
golang.org/x/net v0.0.0-20211112202133-69e39bad7dc2/go.mod h1:9nx3DQGgdP8bBQD5qxJ1jj9UTztislL4KSBs9R2vV5Y=
golang.org/x/sys v0.0.0-20190215142949-d0b11bdaac8a/go.mod h1:STP8DvDyc/dI5b8T5hshtkjS+E42TnysNCUPdjciGhY=
golang.org/x/sys v0.0.0-20190222072716-a9d3bda3a223/go.mod h1:STP8DvDyc/dI5b8T5hshtkjS+E42TnysNCUPdjciGhY=
golang.org/x/sys v0.0.0-20190412213103-97732733099d/go.mod h1:h1NjWce9XRLGQEsW7wpKNCjG9DtNlClVuFLEZdDNbEs=
golang.org/x/sys v0.0.0-20191008105621-543471e840be/go.mod h1:h1NjWce9XRLGQEsW7wpKNCjG9DtNlClVuFLEZdDNbEs=
golang.org/x/sys v0.0.0-20201119102817-f84b799fce68/go.mod h1:h1NjWce9XRLGQEsW7wpKNCjG9DtNlClVuFLEZdDNbEs=
golang.org/x/sys v0.0.0-20210423082822-04245dca01da/go.mod h1:h1NjWce9XRLGQEsW7wpKNCjG9DtNlClVuFLEZdDNbEs=
golang.org/x/sys v0.0.0-20210615035016-665e8c7367d1/go.mod h1:oPkhp1MJrh7nUepCBck5+mAzfO9JrbApNNgaTdGDITg=
golang.org/x/sys v0.0.0-20211213223007-03aa0b5f6827 h1:A0Qkn7Z/n8zC1xd9LTw17AiKlBRK64tw3ejWQiEqca0=
golang.org/x/sys v0.0.0-20211213223007-03aa0b5f6827/go.mod h1:oPkhp1MJrh7nUepCBck5+mAzfO9JrbApNNgaTdGDITg=
golang.org/x/term v0.0.0-20201126162022-7de9c90e9dd1/go.mod h1:bj7SfCRtBDWHUb9snDiAeCFNEtKQo2Wmx5Cou7ajbmo=
golang.org/x/text v0.3.0/go.mod h1:NqM8EUOU14njkJ3fqMW+pc6Ldnwhi/IjpwHt7yyuwOQ=
golang.org/x/text v0.3.6/go.mod h1:5Zoc/QRtKVWzQhOtBMvqHzDpF6irO9z98xDceosuGiQ=
golang.org/x/tools v0.0.0-20180917221912-90fa682c2a6e/go.mod h1:n7NCudcB/nEzxVGmLbDWY5pfWTLqBcC2KZ6jyYvM4mQ=
gopkg.in/check.v1 v0.0.0-20161208181325-20d25e280405 h1:yhCVgyC4o1eVCa2tZl7eS0r+SDo693bJlVdllGtEeKM=
gopkg.in/check.v1 v0.0.0-20161208181325-20d25e280405/go.mod h1:Co6ibVJAznAaIkqp8huTwlJQCZ016jof/cbN4VW5Yz0=
gopkg.in/yaml.v3 v3.0.0-20200313102051-9f266ea9e77c h1:dUUwHk2QECo/6vqA44rthZ8ie2QXMNeKRTHCNY2nXvo=
gopkg.in/yaml.v3 v3.0.0-20200313102051-9f266ea9e77c/go.mod h1:K4uyk7z7BCEPqu6E+C64Yfv1cQ7kz7rIZviUmN+EgEM=
gopkg.in/yaml.v3 v3.0.1 h1:fxVm/GzAzEWqLHuvctI91KS9hhNmmWOoWu0XTYJS7CA=
gopkg.in/yaml.v3 v3.0.1/go.mod h1:K4uyk7z7BCEPqu6E+C64Yfv1cQ7kz7rIZviUmN+EgEM=
